// !$*UTF8*$!
{
	archiveVersion = 1;
	classes = {
	};
	objectVersion = 56;
	objects = {

/* Begin PBXBuildFile section */
		57B50ADC2AB4B0590074FDB2 /* AppDelegate.swift in Sources */ = {isa = PBXBuildFile; fileRef = 57B50ADB2AB4B0590074FDB2 /* AppDelegate.swift */; };
		57B50ADE2AB4B0590074FDB2 /* SceneDelegate.swift in Sources */ = {isa = PBXBuildFile; fileRef = 57B50ADD2AB4B0590074FDB2 /* SceneDelegate.swift */; };
		57B50AE02AB4B0590074FDB2 /* ViewController.swift in Sources */ = {isa = PBXBuildFile; fileRef = 57B50ADF2AB4B0590074FDB2 /* ViewController.swift */; };
		57B50AE32AB4B0590074FDB2 /* Main.storyboard in Resources */ = {isa = PBXBuildFile; fileRef = 57B50AE12AB4B0590074FDB2 /* Main.storyboard */; };
		57B50AE62AB4B0590074FDB2 /* Light.xcdatamodeld in Sources */ = {isa = PBXBuildFile; fileRef = 57B50AE42AB4B0590074FDB2 /* Light.xcdatamodeld */; };
		57B50AE82AB4B05C0074FDB2 /* Assets.xcassets in Resources */ = {isa = PBXBuildFile; fileRef = 57B50AE72AB4B05C0074FDB2 /* Assets.xcassets */; };
		57B50AEB2AB4B05C0074FDB2 /* LaunchScreen.storyboard in Resources */ = {isa = PBXBuildFile; fileRef = 57B50AE92AB4B05C0074FDB2 /* LaunchScreen.storyboard */; };
		57B50AF62AB4B05C0074FDB2 /* LightTests.swift in Sources */ = {isa = PBXBuildFile; fileRef = 57B50AF52AB4B05C0074FDB2 /* LightTests.swift */; };
		57B50B002AB4B05C0074FDB2 /* LightUITests.swift in Sources */ = {isa = PBXBuildFile; fileRef = 57B50AFF2AB4B05C0074FDB2 /* LightUITests.swift */; };
		57B50B022AB4B05C0074FDB2 /* LightUITestsLaunchTests.swift in Sources */ = {isa = PBXBuildFile; fileRef = 57B50B012AB4B05C0074FDB2 /* LightUITestsLaunchTests.swift */; };
/* End PBXBuildFile section */

/* Begin PBXContainerItemProxy section */
		57B50AF22AB4B05C0074FDB2 /* PBXContainerItemProxy */ = {
			isa = PBXContainerItemProxy;
			containerPortal = 57B50AD02AB4B0590074FDB2 /* Project object */;
			proxyType = 1;
			remoteGlobalIDString = 57B50AD72AB4B0590074FDB2;
			remoteInfo = Light;
		};
		57B50AFC2AB4B05C0074FDB2 /* PBXContainerItemProxy */ = {
			isa = PBXContainerItemProxy;
			containerPortal = 57B50AD02AB4B0590074FDB2 /* Project object */;
			proxyType = 1;
			remoteGlobalIDString = 57B50AD72AB4B0590074FDB2;
			remoteInfo = Light;
		};
/* End PBXContainerItemProxy section */

/* Begin PBXFileReference section */
		57B50AD82AB4B0590074FDB2 /* Light.app */ = {isa = PBXFileReference; explicitFileType = wrapper.application; includeInIndex = 0; path = Light.app; sourceTree = BUILT_PRODUCTS_DIR; };
		57B50ADB2AB4B0590074FDB2 /* AppDelegate.swift */ = {isa = PBXFileReference; lastKnownFileType = sourcecode.swift; path = AppDelegate.swift; sourceTree = "<group>"; };
		57B50ADD2AB4B0590074FDB2 /* SceneDelegate.swift */ = {isa = PBXFileReference; lastKnownFileType = sourcecode.swift; path = SceneDelegate.swift; sourceTree = "<group>"; };
		57B50ADF2AB4B0590074FDB2 /* ViewController.swift */ = {isa = PBXFileReference; lastKnownFileType = sourcecode.swift; path = ViewController.swift; sourceTree = "<group>"; };
		57B50AE22AB4B0590074FDB2 /* Base */ = {isa = PBXFileReference; lastKnownFileType = file.storyboard; name = Base; path = Base.lproj/Main.storyboard; sourceTree = "<group>"; };
		57B50AE52AB4B0590074FDB2 /* Light.xcdatamodel */ = {isa = PBXFileReference; lastKnownFileType = wrapper.xcdatamodel; path = Light.xcdatamodel; sourceTree = "<group>"; };
		57B50AE72AB4B05C0074FDB2 /* Assets.xcassets */ = {isa = PBXFileReference; lastKnownFileType = folder.assetcatalog; path = Assets.xcassets; sourceTree = "<group>"; };
		57B50AEA2AB4B05C0074FDB2 /* Base */ = {isa = PBXFileReference; lastKnownFileType = file.storyboard; name = Base; path = Base.lproj/LaunchScreen.storyboard; sourceTree = "<group>"; };
		57B50AEC2AB4B05C0074FDB2 /* Info.plist */ = {isa = PBXFileReference; lastKnownFileType = text.plist.xml; path = Info.plist; sourceTree = "<group>"; };
		57B50AF12AB4B05C0074FDB2 /* LightTests.xctest */ = {isa = PBXFileReference; explicitFileType = wrapper.cfbundle; includeInIndex = 0; path = LightTests.xctest; sourceTree = BUILT_PRODUCTS_DIR; };
		57B50AF52AB4B05C0074FDB2 /* LightTests.swift */ = {isa = PBXFileReference; lastKnownFileType = sourcecode.swift; path = LightTests.swift; sourceTree = "<group>"; };
		57B50AFB2AB4B05C0074FDB2 /* LightUITests.xctest */ = {isa = PBXFileReference; explicitFileType = wrapper.cfbundle; includeInIndex = 0; path = LightUITests.xctest; sourceTree = BUILT_PRODUCTS_DIR; };
		57B50AFF2AB4B05C0074FDB2 /* LightUITests.swift */ = {isa = PBXFileReference; lastKnownFileType = sourcecode.swift; path = LightUITests.swift; sourceTree = "<group>"; };
		57B50B012AB4B05C0074FDB2 /* LightUITestsLaunchTests.swift */ = {isa = PBXFileReference; lastKnownFileType = sourcecode.swift; path = LightUITestsLaunchTests.swift; sourceTree = "<group>"; };
/* End PBXFileReference section */

/* Begin PBXFrameworksBuildPhase section */
		57B50AD52AB4B0590074FDB2 /* Frameworks */ = {
			isa = PBXFrameworksBuildPhase;
			buildActionMask = 2147483647;
			files = (
			);
			runOnlyForDeploymentPostprocessing = 0;
		};
		57B50AEE2AB4B05C0074FDB2 /* Frameworks */ = {
			isa = PBXFrameworksBuildPhase;
			buildActionMask = 2147483647;
			files = (
			);
			runOnlyForDeploymentPostprocessing = 0;
		};
		57B50AF82AB4B05C0074FDB2 /* Frameworks */ = {
			isa = PBXFrameworksBuildPhase;
			buildActionMask = 2147483647;
			files = (
			);
			runOnlyForDeploymentPostprocessing = 0;
		};
/* End PBXFrameworksBuildPhase section */

/* Begin PBXGroup section */
		57B50ACF2AB4B0590074FDB2 = {
			isa = PBXGroup;
			children = (
				57B50ADA2AB4B0590074FDB2 /* Light */,
				57B50AF42AB4B05C0074FDB2 /* LightTests */,
				57B50AFE2AB4B05C0074FDB2 /* LightUITests */,
				57B50AD92AB4B0590074FDB2 /* Products */,
			);
			sourceTree = "<group>";
		};
		57B50AD92AB4B0590074FDB2 /* Products */ = {
			isa = PBXGroup;
			children = (
				57B50AD82AB4B0590074FDB2 /* Light.app */,
				57B50AF12AB4B05C0074FDB2 /* LightTests.xctest */,
				57B50AFB2AB4B05C0074FDB2 /* LightUITests.xctest */,
			);
			name = Products;
			sourceTree = "<group>";
		};
		57B50ADA2AB4B0590074FDB2 /* Light */ = {
			isa = PBXGroup;
			children = (
				57B50ADB2AB4B0590074FDB2 /* AppDelegate.swift */,
				57B50ADD2AB4B0590074FDB2 /* SceneDelegate.swift */,
				57B50ADF2AB4B0590074FDB2 /* ViewController.swift */,
				57B50AE12AB4B0590074FDB2 /* Main.storyboard */,
				57B50AE72AB4B05C0074FDB2 /* Assets.xcassets */,
				57B50AE92AB4B05C0074FDB2 /* LaunchScreen.storyboard */,
				57B50AEC2AB4B05C0074FDB2 /* Info.plist */,
				57B50AE42AB4B0590074FDB2 /* Light.xcdatamodeld */,
			);
			path = Light;
			sourceTree = "<group>";
		};
		57B50AF42AB4B05C0074FDB2 /* LightTests */ = {
			isa = PBXGroup;
			children = (
				57B50AF52AB4B05C0074FDB2 /* LightTests.swift */,
			);
			path = LightTests;
			sourceTree = "<group>";
		};
		57B50AFE2AB4B05C0074FDB2 /* LightUITests */ = {
			isa = PBXGroup;
			children = (
				57B50AFF2AB4B05C0074FDB2 /* LightUITests.swift */,
				57B50B012AB4B05C0074FDB2 /* LightUITestsLaunchTests.swift */,
			);
			path = LightUITests;
			sourceTree = "<group>";
		};
/* End PBXGroup section */

/* Begin PBXNativeTarget section */
		57B50AD72AB4B0590074FDB2 /* Light */ = {
			isa = PBXNativeTarget;
			buildConfigurationList = 57B50B052AB4B05C0074FDB2 /* Build configuration list for PBXNativeTarget "Light" */;
			buildPhases = (
				57B50AD42AB4B0590074FDB2 /* Sources */,
				57B50AD52AB4B0590074FDB2 /* Frameworks */,
				57B50AD62AB4B0590074FDB2 /* Resources */,
			);
			buildRules = (
			);
			dependencies = (
			);
			name = Light;
			productName = Light;
			productReference = 57B50AD82AB4B0590074FDB2 /* Light.app */;
			productType = "com.apple.product-type.application";
		};
		57B50AF02AB4B05C0074FDB2 /* LightTests */ = {
			isa = PBXNativeTarget;
			buildConfigurationList = 57B50B082AB4B05C0074FDB2 /* Build configuration list for PBXNativeTarget "LightTests" */;
			buildPhases = (
				57B50AED2AB4B05C0074FDB2 /* Sources */,
				57B50AEE2AB4B05C0074FDB2 /* Frameworks */,
				57B50AEF2AB4B05C0074FDB2 /* Resources */,
			);
			buildRules = (
			);
			dependencies = (
				57B50AF32AB4B05C0074FDB2 /* PBXTargetDependency */,
			);
			name = LightTests;
			productName = LightTests;
			productReference = 57B50AF12AB4B05C0074FDB2 /* LightTests.xctest */;
			productType = "com.apple.product-type.bundle.unit-test";
		};
		57B50AFA2AB4B05C0074FDB2 /* LightUITests */ = {
			isa = PBXNativeTarget;
			buildConfigurationList = 57B50B0B2AB4B05C0074FDB2 /* Build configuration list for PBXNativeTarget "LightUITests" */;
			buildPhases = (
				57B50AF72AB4B05C0074FDB2 /* Sources */,
				57B50AF82AB4B05C0074FDB2 /* Frameworks */,
				57B50AF92AB4B05C0074FDB2 /* Resources */,
			);
			buildRules = (
			);
			dependencies = (
				57B50AFD2AB4B05C0074FDB2 /* PBXTargetDependency */,
			);
			name = LightUITests;
			productName = LightUITests;
			productReference = 57B50AFB2AB4B05C0074FDB2 /* LightUITests.xctest */;
			productType = "com.apple.product-type.bundle.ui-testing";
		};
/* End PBXNativeTarget section */

/* Begin PBXProject section */
		57B50AD02AB4B0590074FDB2 /* Project object */ = {
			isa = PBXProject;
			attributes = {
				BuildIndependentTargetsInParallel = 1;
				LastSwiftUpdateCheck = 1430;
				LastUpgradeCheck = 1430;
				TargetAttributes = {
					57B50AD72AB4B0590074FDB2 = {
						CreatedOnToolsVersion = 14.3.1;
					};
					57B50AF02AB4B05C0074FDB2 = {
						CreatedOnToolsVersion = 14.3.1;
						TestTargetID = 57B50AD72AB4B0590074FDB2;
					};
					57B50AFA2AB4B05C0074FDB2 = {
						CreatedOnToolsVersion = 14.3.1;
						TestTargetID = 57B50AD72AB4B0590074FDB2;
					};
				};
			};
			buildConfigurationList = 57B50AD32AB4B0590074FDB2 /* Build configuration list for PBXProject "Light" */;
			compatibilityVersion = "Xcode 14.0";
			developmentRegion = en;
			hasScannedForEncodings = 0;
			knownRegions = (
				en,
				Base,
			);
			mainGroup = 57B50ACF2AB4B0590074FDB2;
			productRefGroup = 57B50AD92AB4B0590074FDB2 /* Products */;
			projectDirPath = "";
			projectRoot = "";
			targets = (
				57B50AD72AB4B0590074FDB2 /* Light */,
				57B50AF02AB4B05C0074FDB2 /* LightTests */,
				57B50AFA2AB4B05C0074FDB2 /* LightUITests */,
			);
		};
/* End PBXProject section */

/* Begin PBXResourcesBuildPhase section */
		57B50AD62AB4B0590074FDB2 /* Resources */ = {
			isa = PBXResourcesBuildPhase;
			buildActionMask = 2147483647;
			files = (
				57B50AEB2AB4B05C0074FDB2 /* LaunchScreen.storyboard in Resources */,
				57B50AE82AB4B05C0074FDB2 /* Assets.xcassets in Resources */,
				57B50AE32AB4B0590074FDB2 /* Main.storyboard in Resources */,
			);
			runOnlyForDeploymentPostprocessing = 0;
		};
		57B50AEF2AB4B05C0074FDB2 /* Resources */ = {
			isa = PBXResourcesBuildPhase;
			buildActionMask = 2147483647;
			files = (
			);
			runOnlyForDeploymentPostprocessing = 0;
		};
		57B50AF92AB4B05C0074FDB2 /* Resources */ = {
			isa = PBXResourcesBuildPhase;
			buildActionMask = 2147483647;
			files = (
			);
			runOnlyForDeploymentPostprocessing = 0;
		};
/* End PBXResourcesBuildPhase section */

/* Begin PBXSourcesBuildPhase section */
		57B50AD42AB4B0590074FDB2 /* Sources */ = {
			isa = PBXSourcesBuildPhase;
			buildActionMask = 2147483647;
			files = (
				57B50AE02AB4B0590074FDB2 /* ViewController.swift in Sources */,
				57B50ADC2AB4B0590074FDB2 /* AppDelegate.swift in Sources */,
				57B50AE62AB4B0590074FDB2 /* Light.xcdatamodeld in Sources */,
				57B50ADE2AB4B0590074FDB2 /* SceneDelegate.swift in Sources */,
			);
			runOnlyForDeploymentPostprocessing = 0;
		};
		57B50AED2AB4B05C0074FDB2 /* Sources */ = {
			isa = PBXSourcesBuildPhase;
			buildActionMask = 2147483647;
			files = (
				57B50AF62AB4B05C0074FDB2 /* LightTests.swift in Sources */,
			);
			runOnlyForDeploymentPostprocessing = 0;
		};
		57B50AF72AB4B05C0074FDB2 /* Sources */ = {
			isa = PBXSourcesBuildPhase;
			buildActionMask = 2147483647;
			files = (
				57B50B002AB4B05C0074FDB2 /* LightUITests.swift in Sources */,
				57B50B022AB4B05C0074FDB2 /* LightUITestsLaunchTests.swift in Sources */,
			);
			runOnlyForDeploymentPostprocessing = 0;
		};
/* End PBXSourcesBuildPhase section */

/* Begin PBXTargetDependency section */
		57B50AF32AB4B05C0074FDB2 /* PBXTargetDependency */ = {
			isa = PBXTargetDependency;
			target = 57B50AD72AB4B0590074FDB2 /* Light */;
			targetProxy = 57B50AF22AB4B05C0074FDB2 /* PBXContainerItemProxy */;
		};
		57B50AFD2AB4B05C0074FDB2 /* PBXTargetDependency */ = {
			isa = PBXTargetDependency;
			target = 57B50AD72AB4B0590074FDB2 /* Light */;
			targetProxy = 57B50AFC2AB4B05C0074FDB2 /* PBXContainerItemProxy */;
		};
/* End PBXTargetDependency section */

/* Begin PBXVariantGroup section */
		57B50AE12AB4B0590074FDB2 /* Main.storyboard */ = {
			isa = PBXVariantGroup;
			children = (
				57B50AE22AB4B0590074FDB2 /* Base */,
			);
			name = Main.storyboard;
			sourceTree = "<group>";
		};
		57B50AE92AB4B05C0074FDB2 /* LaunchScreen.storyboard */ = {
			isa = PBXVariantGroup;
			children = (
				57B50AEA2AB4B05C0074FDB2 /* Base */,
			);
			name = LaunchScreen.storyboard;
			sourceTree = "<group>";
		};
/* End PBXVariantGroup section */

/* Begin XCBuildConfiguration section */
		57B50B032AB4B05C0074FDB2 /* Debug */ = {
			isa = XCBuildConfiguration;
			buildSettings = {
				ALWAYS_SEARCH_USER_PATHS = NO;
				CLANG_ANALYZER_NONNULL = YES;
				CLANG_ANALYZER_NUMBER_OBJECT_CONVERSION = YES_AGGRESSIVE;
				CLANG_CXX_LANGUAGE_STANDARD = "gnu++20";
				CLANG_ENABLE_MODULES = YES;
				CLANG_ENABLE_OBJC_ARC = YES;
				CLANG_ENABLE_OBJC_WEAK = YES;
				CLANG_WARN_BLOCK_CAPTURE_AUTORELEASING = YES;
				CLANG_WARN_BOOL_CONVERSION = YES;
				CLANG_WARN_COMMA = YES;
				CLANG_WARN_CONSTANT_CONVERSION = YES;
				CLANG_WARN_DEPRECATED_OBJC_IMPLEMENTATIONS = YES;
				CLANG_WARN_DIRECT_OBJC_ISA_USAGE = YES_ERROR;
				CLANG_WARN_DOCUMENTATION_COMMENTS = YES;
				CLANG_WARN_EMPTY_BODY = YES;
				CLANG_WARN_ENUM_CONVERSION = YES;
				CLANG_WARN_INFINITE_RECURSION = YES;
				CLANG_WARN_INT_CONVERSION = YES;
				CLANG_WARN_NON_LITERAL_NULL_CONVERSION = YES;
				CLANG_WARN_OBJC_IMPLICIT_RETAIN_SELF = YES;
				CLANG_WARN_OBJC_LITERAL_CONVERSION = YES;
				CLANG_WARN_OBJC_ROOT_CLASS = YES_ERROR;
				CLANG_WARN_QUOTED_INCLUDE_IN_FRAMEWORK_HEADER = YES;
				CLANG_WARN_RANGE_LOOP_ANALYSIS = YES;
				CLANG_WARN_STRICT_PROTOTYPES = YES;
				CLANG_WARN_SUSPICIOUS_MOVE = YES;
				CLANG_WARN_UNGUARDED_AVAILABILITY = YES_AGGRESSIVE;
				CLANG_WARN_UNREACHABLE_CODE = YES;
				CLANG_WARN__DUPLICATE_METHOD_MATCH = YES;
				COPY_PHASE_STRIP = NO;
				DEBUG_INFORMATION_FORMAT = dwarf;
				ENABLE_STRICT_OBJC_MSGSEND = YES;
				ENABLE_TESTABILITY = YES;
				GCC_C_LANGUAGE_STANDARD = gnu11;
				GCC_DYNAMIC_NO_PIC = NO;
				GCC_NO_COMMON_BLOCKS = YES;
				GCC_OPTIMIZATION_LEVEL = 0;
				GCC_PREPROCESSOR_DEFINITIONS = (
					"DEBUG=1",
					"$(inherited)",
				);
				GCC_WARN_64_TO_32_BIT_CONVERSION = YES;
				GCC_WARN_ABOUT_RETURN_TYPE = YES_ERROR;
				GCC_WARN_UNDECLARED_SELECTOR = YES;
				GCC_WARN_UNINITIALIZED_AUTOS = YES_AGGRESSIVE;
				GCC_WARN_UNUSED_FUNCTION = YES;
				GCC_WARN_UNUSED_VARIABLE = YES;
				IPHONEOS_DEPLOYMENT_TARGET = 16.4;
				MTL_ENABLE_DEBUG_INFO = INCLUDE_SOURCE;
				MTL_FAST_MATH = YES;
				ONLY_ACTIVE_ARCH = YES;
				SDKROOT = iphoneos;
				SWIFT_ACTIVE_COMPILATION_CONDITIONS = DEBUG;
				SWIFT_OPTIMIZATION_LEVEL = "-Onone";
			};
			name = Debug;
		};
		57B50B042AB4B05C0074FDB2 /* Release */ = {
			isa = XCBuildConfiguration;
			buildSettings = {
				ALWAYS_SEARCH_USER_PATHS = NO;
				CLANG_ANALYZER_NONNULL = YES;
				CLANG_ANALYZER_NUMBER_OBJECT_CONVERSION = YES_AGGRESSIVE;
				CLANG_CXX_LANGUAGE_STANDARD = "gnu++20";
				CLANG_ENABLE_MODULES = YES;
				CLANG_ENABLE_OBJC_ARC = YES;
				CLANG_ENABLE_OBJC_WEAK = YES;
				CLANG_WARN_BLOCK_CAPTURE_AUTORELEASING = YES;
				CLANG_WARN_BOOL_CONVERSION = YES;
				CLANG_WARN_COMMA = YES;
				CLANG_WARN_CONSTANT_CONVERSION = YES;
				CLANG_WARN_DEPRECATED_OBJC_IMPLEMENTATIONS = YES;
				CLANG_WARN_DIRECT_OBJC_ISA_USAGE = YES_ERROR;
				CLANG_WARN_DOCUMENTATION_COMMENTS = YES;
				CLANG_WARN_EMPTY_BODY = YES;
				CLANG_WARN_ENUM_CONVERSION = YES;
				CLANG_WARN_INFINITE_RECURSION = YES;
				CLANG_WARN_INT_CONVERSION = YES;
				CLANG_WARN_NON_LITERAL_NULL_CONVERSION = YES;
				CLANG_WARN_OBJC_IMPLICIT_RETAIN_SELF = YES;
				CLANG_WARN_OBJC_LITERAL_CONVERSION = YES;
				CLANG_WARN_OBJC_ROOT_CLASS = YES_ERROR;
				CLANG_WARN_QUOTED_INCLUDE_IN_FRAMEWORK_HEADER = YES;
				CLANG_WARN_RANGE_LOOP_ANALYSIS = YES;
				CLANG_WARN_STRICT_PROTOTYPES = YES;
				CLANG_WARN_SUSPICIOUS_MOVE = YES;
				CLANG_WARN_UNGUARDED_AVAILABILITY = YES_AGGRESSIVE;
				CLANG_WARN_UNREACHABLE_CODE = YES;
				CLANG_WARN__DUPLICATE_METHOD_MATCH = YES;
				COPY_PHASE_STRIP = NO;
				DEBUG_INFORMATION_FORMAT = "dwarf-with-dsym";
				ENABLE_NS_ASSERTIONS = NO;
				ENABLE_STRICT_OBJC_MSGSEND = YES;
				GCC_C_LANGUAGE_STANDARD = gnu11;
				GCC_NO_COMMON_BLOCKS = YES;
				GCC_WARN_64_TO_32_BIT_CONVERSION = YES;
				GCC_WARN_ABOUT_RETURN_TYPE = YES_ERROR;
				GCC_WARN_UNDECLARED_SELECTOR = YES;
				GCC_WARN_UNINITIALIZED_AUTOS = YES_AGGRESSIVE;
				GCC_WARN_UNUSED_FUNCTION = YES;
				GCC_WARN_UNUSED_VARIABLE = YES;
				IPHONEOS_DEPLOYMENT_TARGET = 16.4;
				MTL_ENABLE_DEBUG_INFO = NO;
				MTL_FAST_MATH = YES;
				SDKROOT = iphoneos;
				SWIFT_COMPILATION_MODE = wholemodule;
				SWIFT_OPTIMIZATION_LEVEL = "-O";
				VALIDATE_PRODUCT = YES;
			};
			name = Release;
		};
		57B50B062AB4B05C0074FDB2 /* Debug */ = {
			isa = XCBuildConfiguration;
			buildSettings = {
				ASSETCATALOG_COMPILER_APPICON_NAME = AppIcon;
				ASSETCATALOG_COMPILER_GLOBAL_ACCENT_COLOR_NAME = AccentColor;
				CODE_SIGN_STYLE = Automatic;
				CURRENT_PROJECT_VERSION = 1;
				GENERATE_INFOPLIST_FILE = YES;
				INFOPLIST_FILE = Light/Info.plist;
				INFOPLIST_KEY_UIApplicationSupportsIndirectInputEvents = YES;
				INFOPLIST_KEY_UILaunchStoryboardName = LaunchScreen;
				INFOPLIST_KEY_UIMainStoryboardFile = Main;
				INFOPLIST_KEY_UISupportedInterfaceOrientations_iPad = "UIInterfaceOrientationPortrait UIInterfaceOrientationPortraitUpsideDown UIInterfaceOrientationLandscapeLeft UIInterfaceOrientationLandscapeRight";
				INFOPLIST_KEY_UISupportedInterfaceOrientations_iPhone = "UIInterfaceOrientationPortrait UIInterfaceOrientationLandscapeLeft UIInterfaceOrientationLandscapeRight";
				LD_RUNPATH_SEARCH_PATHS = (
					"$(inherited)",
					"@executable_path/Frameworks",
				);
				MARKETING_VERSION = 1.0;
				PRODUCT_BUNDLE_IDENTIFIER = com.exampleteam.Light;
				PRODUCT_NAME = "$(TARGET_NAME)";
				SWIFT_EMIT_LOC_STRINGS = YES;
				SWIFT_VERSION = 5.0;
				TARGETED_DEVICE_FAMILY = "1,2";
			};
			name = Debug;
		};
		57B50B072AB4B05C0074FDB2 /* Release */ = {
			isa = XCBuildConfiguration;
			buildSettings = {
				ASSETCATALOG_COMPILER_APPICON_NAME = AppIcon;
				ASSETCATALOG_COMPILER_GLOBAL_ACCENT_COLOR_NAME = AccentColor;
				CODE_SIGN_STYLE = Automatic;
				CURRENT_PROJECT_VERSION = 1;
				GENERATE_INFOPLIST_FILE = YES;
				INFOPLIST_FILE = Light/Info.plist;
				INFOPLIST_KEY_UIApplicationSupportsIndirectInputEvents = YES;
				INFOPLIST_KEY_UILaunchStoryboardName = LaunchScreen;
				INFOPLIST_KEY_UIMainStoryboardFile = Main;
				INFOPLIST_KEY_UISupportedInterfaceOrientations_iPad = "UIInterfaceOrientationPortrait UIInterfaceOrientationPortraitUpsideDown UIInterfaceOrientationLandscapeLeft UIInterfaceOrientationLandscapeRight";
				INFOPLIST_KEY_UISupportedInterfaceOrientations_iPhone = "UIInterfaceOrientationPortrait UIInterfaceOrientationLandscapeLeft UIInterfaceOrientationLandscapeRight";
				LD_RUNPATH_SEARCH_PATHS = (
					"$(inherited)",
					"@executable_path/Frameworks",
				);
				MARKETING_VERSION = 1.0;
				PRODUCT_BUNDLE_IDENTIFIER = com.exampleteam.Light;
				PRODUCT_NAME = "$(TARGET_NAME)";
				SWIFT_EMIT_LOC_STRINGS = YES;
				SWIFT_VERSION = 5.0;
				TARGETED_DEVICE_FAMILY = "1,2";
			};
			name = Release;
		};
		57B50B092AB4B05C0074FDB2 /* Debug */ = {
			isa = XCBuildConfiguration;
			buildSettings = {
				ALWAYS_EMBED_SWIFT_STANDARD_LIBRARIES = YES;
				BUNDLE_LOADER = "$(TEST_HOST)";
				CODE_SIGN_STYLE = Automatic;
				CURRENT_PROJECT_VERSION = 1;
				GENERATE_INFOPLIST_FILE = YES;
				IPHONEOS_DEPLOYMENT_TARGET = 16.4;
				MARKETING_VERSION = 1.0;
				PRODUCT_BUNDLE_IDENTIFIER = com.exampleteam.LightTests;
				PRODUCT_NAME = "$(TARGET_NAME)";
				SWIFT_EMIT_LOC_STRINGS = NO;
				SWIFT_VERSION = 5.0;
				TARGETED_DEVICE_FAMILY = "1,2";
				TEST_HOST = "$(BUILT_PRODUCTS_DIR)/Light.app/$(BUNDLE_EXECUTABLE_FOLDER_PATH)/Light";
			};
			name = Debug;
		};
		57B50B0A2AB4B05C0074FDB2 /* Release */ = {
			isa = XCBuildConfiguration;
			buildSettings = {
				ALWAYS_EMBED_SWIFT_STANDARD_LIBRARIES = YES;
				BUNDLE_LOADER = "$(TEST_HOST)";
				CODE_SIGN_STYLE = Automatic;
				CURRENT_PROJECT_VERSION = 1;
				GENERATE_INFOPLIST_FILE = YES;
				IPHONEOS_DEPLOYMENT_TARGET = 16.4;
				MARKETING_VERSION = 1.0;
				PRODUCT_BUNDLE_IDENTIFIER = com.exampleteam.LightTests;
				PRODUCT_NAME = "$(TARGET_NAME)";
				SWIFT_EMIT_LOC_STRINGS = NO;
				SWIFT_VERSION = 5.0;
				TARGETED_DEVICE_FAMILY = "1,2";
				TEST_HOST = "$(BUILT_PRODUCTS_DIR)/Light.app/$(BUNDLE_EXECUTABLE_FOLDER_PATH)/Light";
			};
			name = Release;
		};
		57B50B0C2AB4B05C0074FDB2 /* Debug */ = {
			isa = XCBuildConfiguration;
			buildSettings = {
				ALWAYS_EMBED_SWIFT_STANDARD_LIBRARIES = YES;
				CODE_SIGN_STYLE = Automatic;
				CURRENT_PROJECT_VERSION = 1;
				GENERATE_INFOPLIST_FILE = YES;
				MARKETING_VERSION = 1.0;
				PRODUCT_BUNDLE_IDENTIFIER = com.exampleteam.LightUITests;
				PRODUCT_NAME = "$(TARGET_NAME)";
				SWIFT_EMIT_LOC_STRINGS = NO;
				SWIFT_VERSION = 5.0;
				TARGETED_DEVICE_FAMILY = "1,2";
				TEST_TARGET_NAME = Light;
			};
			name = Debug;
		};
		57B50B0D2AB4B05C0074FDB2 /* Release */ = {
			isa = XCBuildConfiguration;
			buildSettings = {
				ALWAYS_EMBED_SWIFT_STANDARD_LIBRARIES = YES;
				CODE_SIGN_STYLE = Automatic;
				CURRENT_PROJECT_VERSION = 1;
				GENERATE_INFOPLIST_FILE = YES;
				MARKETING_VERSION = 1.0;
				PRODUCT_BUNDLE_IDENTIFIER = com.exampleteam.LightUITests;
				PRODUCT_NAME = "$(TARGET_NAME)";
				SWIFT_EMIT_LOC_STRINGS = NO;
				SWIFT_VERSION = 5.0;
				TARGETED_DEVICE_FAMILY = "1,2";
				TEST_TARGET_NAME = Light;
			};
			name = Release;
		};
/* End XCBuildConfiguration section */

/* Begin XCConfigurationList section */
		57B50AD32AB4B0590074FDB2 /* Build configuration list for PBXProject "Light" */ = {
			isa = XCConfigurationList;
			buildConfigurations = (
				57B50B032AB4B05C0074FDB2 /* Debug */,
				57B50B042AB4B05C0074FDB2 /* Release */,
			);
			defaultConfigurationIsVisible = 0;
			defaultConfigurationName = Release;
		};
		57B50B052AB4B05C0074FDB2 /* Build configuration list for PBXNativeTarget "Light" */ = {
			isa = XCConfigurationList;
			buildConfigurations = (
				57B50B062AB4B05C0074FDB2 /* Debug */,
				57B50B072AB4B05C0074FDB2 /* Release */,
			);
			defaultConfigurationIsVisible = 0;
			defaultConfigurationName = Release;
		};
		57B50B082AB4B05C0074FDB2 /* Build configuration list for PBXNativeTarget "LightTests" */ = {
			isa = XCConfigurationList;
			buildConfigurations = (
				57B50B092AB4B05C0074FDB2 /* Debug */,
				57B50B0A2AB4B05C0074FDB2 /* Release */,
			);
			defaultConfigurationIsVisible = 0;
			defaultConfigurationName = Release;
		};
		57B50B0B2AB4B05C0074FDB2 /* Build configuration list for PBXNativeTarget "LightUITests" */ = {
			isa = XCConfigurationList;
			buildConfigurations = (
				57B50B0C2AB4B05C0074FDB2 /* Debug */,
				57B50B0D2AB4B05C0074FDB2 /* Release */,
			);
			defaultConfigurationIsVisible = 0;
			defaultConfigurationName = Release;
		};
/* End XCConfigurationList section */

/* Begin XCVersionGroup section */
		57B50AE42AB4B0590074FDB2 /* Light.xcdatamodeld */ = {
			isa = XCVersionGroup;
			children = (
				57B50AE52AB4B0590074FDB2 /* Light.xcdatamodel */,
			);
			currentVersion = 57B50AE52AB4B0590074FDB2 /* Light.xcdatamodel */;
			path = Light.xcdatamodeld;
			sourceTree = "<group>";
			versionGroupType = wrapper.xcdatamodel;
		};
/* End XCVersionGroup section */
	};
	rootObject = 57B50AD02AB4B0590074FDB2 /* Project object */;
}
